{
  "name": "@totalsoft/messaging-host",
  "version": "0.0.8",
  "lockfileVersion": 1,
  "requires": true,
  "dependencies": {
    "@totalsoft/message-bus": {
      "version": "0.0.8",
      "resolved": "https://registry.npmjs.org/@totalsoft/message-bus/-/message-bus-0.0.8.tgz",
      "integrity": "sha512-MCwJos3DVMe3PD37hgzVPSXYerwQOdwxz86dD7v3xeDiORYYv1LTnjCVaRpdulnx592bYMGA7LUo96rxU6yV5g==",
      "requires": {
        "async-mutex": "^0.2.2",
        "bluebird": "3.7.2",
        "dotenv": "8.2.0",
        "humps": "^2.0.1",
        "node-nats-streaming": "0.3.2"
      }
    },
    "@types/uuid": {
      "version": "8.0.0",
      "resolved": "https://registry.npmjs.org/@types/uuid/-/uuid-8.0.0.tgz",
      "integrity": "sha512-xSQfNcvOiE5f9dyd4Kzxbof1aTrLobL278pGLKOZI6esGfZ7ts9Ka16CzIN6Y8hFHE1C7jIBZokULhK1bOgjRw=="
    },
    "async-mutex": {
      "version": "0.2.4",
      "resolved": "https://registry.npmjs.org/async-mutex/-/async-mutex-0.2.4.tgz",
      "integrity": "sha512-fcQKOXUKMQc57JlmjBCHtkKNrfGpHyR7vu18RfuLfeTAf4hK9PgOadPR5cDrBQ682zasrLUhJFe7EKAHJOduDg==",
      "requires": {
        "tslib": "^2.0.0"
      }
    },
    "bluebird": {
      "version": "3.7.2",
      "resolved": "https://registry.npmjs.org/bluebird/-/bluebird-3.7.2.tgz",
      "integrity": "sha512-XpNj6GDQzdfW+r2Wnn7xiSAd7TM3jzkxGXBGTtWKuSXv1xUV+azxAm8jdWZN06QTQk+2N2XB9jRDkvbmQmcRtg=="
    },
    "dotenv": {
      "version": "8.2.0",
      "resolved": "https://registry.npmjs.org/dotenv/-/dotenv-8.2.0.tgz",
      "integrity": "sha512-8sJ78ElpbDJBHNeBzUbUVLsqKdccaa/BXF1uPTw3GrvQTBgrQrtObr2mUrE38vzYd8cEv+m/JBfDLioYcfXoaw=="
    },
    "google-protobuf": {
      "version": "3.12.4",
      "resolved": "https://registry.npmjs.org/google-protobuf/-/google-protobuf-3.12.4.tgz",
      "integrity": "sha512-ItTn8YepDQMHEMHloUPH+FDaTPiHTnbsMvP50aXfbI65IK3AA5+wXlHSygJH8xz+h1g4gu7V+CK5X1/SaGITsA=="
    },
    "humps": {
      "version": "2.0.1",
      "resolved": "https://registry.npmjs.org/humps/-/humps-2.0.1.tgz",
      "integrity": "sha1-3QLqYIG9BWjcXQcxhEY5V7qe+ao="
    },
    "nats": {
      "version": "1.4.9",
      "resolved": "https://registry.npmjs.org/nats/-/nats-1.4.9.tgz",
      "integrity": "sha512-D0qTg2v0jir32TCJfGkxRwOba4/9vqJJmr4GtghR/J9AF6E0y1BdCeXxnD2G+hruSPnKUbF0NzaQVPbSg5fdOg==",
      "requires": {
        "nuid": "^1.1.4",
        "ts-nkeys": "^1.0.16"
      }
    },
    "node-nats-streaming": {
      "version": "0.3.2",
      "resolved": "https://registry.npmjs.org/node-nats-streaming/-/node-nats-streaming-0.3.2.tgz",
      "integrity": "sha512-exeT+FwGYW3UbBSzu8a7ykwWoY6R/vjQLr1RoZ1gnoJ9F66WVvpMZQWCZzLxlf9XRpJTTygcp6P1+WRw9h07Sg==",
      "requires": {
        "google-protobuf": "^3.11.2",
        "nats": "^1.4.9",
        "nuid": "^1.1.4"
      }
    },
    "nuid": {
      "version": "1.1.4",
      "resolved": "https://registry.npmjs.org/nuid/-/nuid-1.1.4.tgz",
      "integrity": "sha512-PXiYyHhGfrq8H4g5HyC8enO1lz6SBe5z6x1yx/JG4tmADzDGJVQy3l1sRf3VtEvPsN8dGn9hRFRwDKWL62x0BA=="
    },
    "ramda": {
      "version": "0.27.1",
      "resolved": "https://registry.npmjs.org/ramda/-/ramda-0.27.1.tgz",
      "integrity": "sha512-PgIdVpn5y5Yns8vqb8FzBUEYn98V3xcPgawAkkgj0YJ0qDsnHCiNmZYfOGMgOvoB0eWFLpYbhxUR3mxfDIMvpw=="
    },
    "ts-nkeys": {
      "version": "1.0.16",
      "resolved": "https://registry.npmjs.org/ts-nkeys/-/ts-nkeys-1.0.16.tgz",
      "integrity": "sha512-1qrhAlavbm36wtW+7NtKOgxpzl+70NTF8xlz9mEhiA5zHMlMxjj3sEVKWm3pGZhHXE0Q3ykjrj+OSRVaYw+Dqg==",
      "requires": {
        "tweetnacl": "^1.0.3"
      }
    },
    "tslib": {
      "version": "2.0.0",
      "resolved": "https://registry.npmjs.org/tslib/-/tslib-2.0.0.tgz",
      "integrity": "sha512-lTqkx847PI7xEDYJntxZH89L2/aXInsyF2luSafe/+0fHOMjlBNXdH6th7f70qxLDhul7KZK0zC8V5ZIyHl0/g=="
    },
    "tweetnacl": {
      "version": "1.0.3",
      "resolved": "https://registry.npmjs.org/tweetnacl/-/tweetnacl-1.0.3.tgz",
      "integrity": "sha512-6rt+RN7aOi1nGMyC4Xa5DdYiukl2UWCbcJft7YhxReBGQD7OAM8Pbxw6YMo4r2diNEA8FEmu32YOn9rhaiE5yw=="
    },
    "uuid": {
      "version": "8.3.0",
      "resolved": "https://registry.npmjs.org/uuid/-/uuid-8.3.0.tgz",
      "integrity": "sha512-fX6Z5o4m6XsXBdli9g7DtWgAx+osMsRRZFKma1mIUsLCz6vRvv+pz5VNbyu9UEDzpMWulZfvpgb/cmDXVulYFQ=="
    }
  }
}
