{
  "name": "@totalsoft/message-bus",
  "version": "1.0.0",
  "lockfileVersion": 1,
  "requires": true,
  "dependencies": {
    "async-mutex": {
      "version": "0.3.1",
      "resolved": "https://registry.npmjs.org/async-mutex/-/async-mutex-0.3.1.tgz",
      "integrity": "sha512-vRfQwcqBnJTLzVQo72Sf7KIUbcSUP5hNchx6udI1U6LuPQpfePgdjJzlCe76yFZ8pxlLjn9lwcl/Ya0TSOv0Tw==",
      "requires": {
        "tslib": "^2.1.0"
      }
    },
    "bluebird": {
      "version": "3.7.2",
      "resolved": "https://registry.npmjs.org/bluebird/-/bluebird-3.7.2.tgz",
      "integrity": "sha512-XpNj6GDQzdfW+r2Wnn7xiSAd7TM3jzkxGXBGTtWKuSXv1xUV+azxAm8jdWZN06QTQk+2N2XB9jRDkvbmQmcRtg=="
    },
    "dotenv": {
      "version": "8.2.0",
      "resolved": "https://registry.npmjs.org/dotenv/-/dotenv-8.2.0.tgz",
      "integrity": "sha512-8sJ78ElpbDJBHNeBzUbUVLsqKdccaa/BXF1uPTw3GrvQTBgrQrtObr2mUrE38vzYd8cEv+m/JBfDLioYcfXoaw=="
    },
    "google-protobuf": {
      "version": "3.15.8",
      "resolved": "https://registry.npmjs.org/google-protobuf/-/google-protobuf-3.15.8.tgz",
      "integrity": "sha512-2jtfdqTaSxk0cuBJBtTTWsot4WtR9RVr2rXg7x7OoqiuOKopPrwXpM1G4dXIkLcUNRh3RKzz76C8IOkksZSeOw=="
    },
    "humps": {
      "version": "2.0.1",
      "resolved": "https://registry.npmjs.org/humps/-/humps-2.0.1.tgz",
      "integrity": "sha1-3QLqYIG9BWjcXQcxhEY5V7qe+ao="
    },
    "nats": {
      "version": "1.4.12",
      "resolved": "https://registry.npmjs.org/nats/-/nats-1.4.12.tgz",
      "integrity": "sha512-Jf4qesEF0Ay0D4AMw3OZnKMRTQm+6oZ5q8/m4gpy5bTmiDiK6wCXbZpzEslmezGpE93LV3RojNEG6dpK/mysLQ==",
      "requires": {
        "nuid": "^1.1.4",
        "ts-nkeys": "^1.0.16"
      }
    },
    "node-nats-streaming": {
      "version": "0.3.2",
      "resolved": "https://registry.npmjs.org/node-nats-streaming/-/node-nats-streaming-0.3.2.tgz",
      "integrity": "sha512-exeT+FwGYW3UbBSzu8a7ykwWoY6R/vjQLr1RoZ1gnoJ9F66WVvpMZQWCZzLxlf9XRpJTTygcp6P1+WRw9h07Sg==",
      "requires": {
        "google-protobuf": "^3.11.2",
        "nats": "^1.4.9",
        "nuid": "^1.1.4"
      }
    },
    "nuid": {
      "version": "1.1.4",
      "resolved": "https://registry.npmjs.org/nuid/-/nuid-1.1.4.tgz",
      "integrity": "sha512-PXiYyHhGfrq8H4g5HyC8enO1lz6SBe5z6x1yx/JG4tmADzDGJVQy3l1sRf3VtEvPsN8dGn9hRFRwDKWL62x0BA=="
    },
    "ts-nkeys": {
      "version": "1.0.16",
      "resolved": "https://registry.npmjs.org/ts-nkeys/-/ts-nkeys-1.0.16.tgz",
      "integrity": "sha512-1qrhAlavbm36wtW+7NtKOgxpzl+70NTF8xlz9mEhiA5zHMlMxjj3sEVKWm3pGZhHXE0Q3ykjrj+OSRVaYw+Dqg==",
      "requires": {
        "tweetnacl": "^1.0.3"
      }
    },
    "tslib": {
      "version": "2.2.0",
      "resolved": "https://registry.npmjs.org/tslib/-/tslib-2.2.0.tgz",
      "integrity": "sha512-gS9GVHRU+RGn5KQM2rllAlR3dU6m7AcpJKdtH8gFvQiC4Otgk98XnmMU+nZenHt/+VhnBPWwgrJsyrdcw6i23w=="
    },
    "tweetnacl": {
      "version": "1.0.3",
      "resolved": "https://registry.npmjs.org/tweetnacl/-/tweetnacl-1.0.3.tgz",
      "integrity": "sha512-6rt+RN7aOi1nGMyC4Xa5DdYiukl2UWCbcJft7YhxReBGQD7OAM8Pbxw6YMo4r2diNEA8FEmu32YOn9rhaiE5yw=="
    },
    "uuid": {
      "version": "8.3.2",
      "resolved": "https://registry.npmjs.org/uuid/-/uuid-8.3.2.tgz",
      "integrity": "sha512-+NYs2QeMWy+GWFOEm9xnn6HCDp0l7QBD7ml8zLUmJ+93Q5NF0NocErnwkTkXVFNiX3/fpC6afS8Dhb/gz7R7eg=="
    }
  }
}
